
Microsoft Visual Studio Solution File, Format Version 12.00
# Visual Studio 15
VisualStudioVersion = 15.0.27004.2002
MinimumVisualStudioVersion = 10.0.40219.1
Project("{9A19103F-16F7-4668-BE54-9A1E7A4F7556}") = "CoreDietPlan", "CoreDietPlan\CoreDietPlan.csproj", "{71D20F83-CF7F-41BE-A917-6BCEF59A001B}"
EndProject
Global
	GlobalSection(SolutionConfigurationPlatforms) = preSolution
		Debug|Any CPU = Debug|Any CPU
		Release|Any CPU = Release|Any CPU
	EndGlobalSection
	GlobalSection(ProjectConfigurationPlatforms) = postSolution
		{71D20F83-CF7F-41BE-A917-6BCEF59A001B}.Debug|Any CPU.ActiveCfg = Debug|Any CPU
		{71D20F83-CF7F-41BE-A917-6BCEF59A001B}.Debug|Any CPU.Build.0 = Debug|Any CPU
		{71D20F83-CF7F-41BE-A917-6BCEF59A001B}.Release|Any CPU.ActiveCfg = Release|Any CPU
		{71D20F83-CF7F-41BE-A917-6BCEF59A001B}.Release|Any CPU.Build.0 = Release|Any CPU
	EndGlobalSection
	GlobalSection(SolutionProperties) = preSolution
		HideSolutionNode = FALSE
	EndGlobalSection
	GlobalSection(ExtensibilityGlobals) = postSolution
		SolutionGuid = {DC69B8AB-C7DE-4CFF-B6D5-AFA87545BA26}
	EndGlobalSection
	GlobalSection(TeamFoundationVersionControl) = preSolution
		SccNumberOfProjects = 2
		SccEnterpriseProvider = {4CA58AB2-18FA-4F8D-95D4-32DDF27D184C}
		SccTeamFoundationServer = https://finalprojectuom.visualstudio.com/
		SccLocalPath0 = .
		SccProjectUniqueName1 = CoreDietPlan\\CoreDietPlan.csproj
		SccProjectName1 = CoreDietPlan
		SccLocalPath1 = CoreDietPlan
	EndGlobalSection
EndGlobal
